
Microsoft Visual Studio Solution File, Format Version 12.00
# Visual Studio Version 16
VisualStudioVersion = 16.0.30621.155
MinimumVisualStudioVersion = 10.0.40219.1
Project("{FAE04EC0-301F-11D3-BF4B-00C04F79EFBC}") = "WindowsFormsAppCalculator", "WindowsFormsAppCalculator\WindowsFormsAppCalculator.csproj", "{FED160A0-E03B-468C-9917-D53060B8AFAB}"
EndProject
Global
	GlobalSection(SolutionConfigurationPlatforms) = preSolution
		Debug|Any CPU = Debug|Any CPU
		Release|Any CPU = Release|Any CPU
	EndGlobalSection
	GlobalSection(ProjectConfigurationPlatforms) = postSolution
		{FED160A0-E03B-468C-9917-D53060B8AFAB}.Debug|Any CPU.ActiveCfg = Debug|Any CPU
		{FED160A0-E03B-468C-9917-D53060B8AFAB}.Debug|Any CPU.Build.0 = Debug|Any CPU
		{FED160A0-E03B-468C-9917-D53060B8AFAB}.Release|Any CPU.ActiveCfg = Release|Any CPU
		{FED160A0-E03B-468C-9917-D53060B8AFAB}.Release|Any CPU.Build.0 = Release|Any CPU
	EndGlobalSection
	GlobalSection(SolutionProperties) = preSolution
		HideSolutionNode = FALSE
	EndGlobalSection
	GlobalSection(ExtensibilityGlobals) = postSolution
		SolutionGuid = {7748104C-97AD-4458-98AD-79E24160DA13}
	EndGlobalSection
EndGlobal
